
Microsoft Visual Studio Solution File, Format Version 12.00
# Visual Studio Version 17
VisualStudioVersion = 17.0.31903.59
MinimumVisualStudioVersion = 10.0.40219.1
Project("{FAE04EC0-301F-11D3-BF4B-00C04F79EFBC}") = "Exceptions", "Exceptions\Exceptions.csproj", "{3A79D372-A11B-4B23-9404-EEBF2248A755}"
EndProject
Project("{FAE04EC0-301F-11D3-BF4B-00C04F79EFBC}") = "CustomExceptions", "CustomExceptions\CustomExceptions.csproj", "{626184F9-542D-4133-98AE-E1775C5761F2}"
EndProject
Project("{FAE04EC0-301F-11D3-BF4B-00C04F79EFBC}") = "Exercicio1", "Exercicio1\Exercicio1.csproj", "{D57CDDC5-6A63-4DC6-BDD3-79E5BBD046B4}"
EndProject
Global
	GlobalSection(SolutionConfigurationPlatforms) = preSolution
		Debug|Any CPU = Debug|Any CPU
		Release|Any CPU = Release|Any CPU
	EndGlobalSection
	GlobalSection(SolutionProperties) = preSolution
		HideSolutionNode = FALSE
	EndGlobalSection
	GlobalSection(ProjectConfigurationPlatforms) = postSolution
		{3A79D372-A11B-4B23-9404-EEBF2248A755}.Debug|Any CPU.ActiveCfg = Debug|Any CPU
		{3A79D372-A11B-4B23-9404-EEBF2248A755}.Debug|Any CPU.Build.0 = Debug|Any CPU
		{3A79D372-A11B-4B23-9404-EEBF2248A755}.Release|Any CPU.ActiveCfg = Release|Any CPU
		{3A79D372-A11B-4B23-9404-EEBF2248A755}.Release|Any CPU.Build.0 = Release|Any CPU
		{626184F9-542D-4133-98AE-E1775C5761F2}.Debug|Any CPU.ActiveCfg = Debug|Any CPU
		{626184F9-542D-4133-98AE-E1775C5761F2}.Debug|Any CPU.Build.0 = Debug|Any CPU
		{626184F9-542D-4133-98AE-E1775C5761F2}.Release|Any CPU.ActiveCfg = Release|Any CPU
		{626184F9-542D-4133-98AE-E1775C5761F2}.Release|Any CPU.Build.0 = Release|Any CPU
		{D57CDDC5-6A63-4DC6-BDD3-79E5BBD046B4}.Debug|Any CPU.ActiveCfg = Debug|Any CPU
		{D57CDDC5-6A63-4DC6-BDD3-79E5BBD046B4}.Debug|Any CPU.Build.0 = Debug|Any CPU
		{D57CDDC5-6A63-4DC6-BDD3-79E5BBD046B4}.Release|Any CPU.ActiveCfg = Release|Any CPU
		{D57CDDC5-6A63-4DC6-BDD3-79E5BBD046B4}.Release|Any CPU.Build.0 = Release|Any CPU
	EndGlobalSection
EndGlobal
